
Microsoft Visual Studio Solution File, Format Version 12.00
# Visual Studio 2015
Project("{FAE04EC0-301F-11D3-BF4B-00C04F79EFBC}") = "Faith and Sanctuary.Plugins", "Faith and Sanctuary.Plugins.csproj", "{9A6C57AD-FA2F-9469-574D-D7EBF106F02C}"
EndProject
Project("{FAE04EC0-301F-11D3-BF4B-00C04F79EFBC}") = "Faith and Sanctuary", "Faith and Sanctuary.csproj", "{11E292EC-D5BE-67EC-DAF5-5E7682AC8AA2}"
EndProject
Project("{FAE04EC0-301F-11D3-BF4B-00C04F79EFBC}") = "Faith and Sanctuary.Editor", "Faith and Sanctuary.Editor.csproj", "{ACDDCD18-005B-7808-091C-D05CAAED2EDB}"
EndProject
Global
	GlobalSection(SolutionConfigurationPlatforms) = preSolution
		Debug|Any CPU = Debug|Any CPU
		Release|Any CPU = Release|Any CPU
	EndGlobalSection
	GlobalSection(ProjectConfigurationPlatforms) = postSolution
		{9A6C57AD-FA2F-9469-574D-D7EBF106F02C}.Debug|Any CPU.ActiveCfg = Debug|Any CPU
		{9A6C57AD-FA2F-9469-574D-D7EBF106F02C}.Debug|Any CPU.Build.0 = Debug|Any CPU
		{9A6C57AD-FA2F-9469-574D-D7EBF106F02C}.Release|Any CPU.ActiveCfg = Release|Any CPU
		{9A6C57AD-FA2F-9469-574D-D7EBF106F02C}.Release|Any CPU.Build.0 = Release|Any CPU
		{11E292EC-D5BE-67EC-DAF5-5E7682AC8AA2}.Debug|Any CPU.ActiveCfg = Debug|Any CPU
		{11E292EC-D5BE-67EC-DAF5-5E7682AC8AA2}.Debug|Any CPU.Build.0 = Debug|Any CPU
		{11E292EC-D5BE-67EC-DAF5-5E7682AC8AA2}.Release|Any CPU.ActiveCfg = Release|Any CPU
		{11E292EC-D5BE-67EC-DAF5-5E7682AC8AA2}.Release|Any CPU.Build.0 = Release|Any CPU
		{ACDDCD18-005B-7808-091C-D05CAAED2EDB}.Debug|Any CPU.ActiveCfg = Debug|Any CPU
		{ACDDCD18-005B-7808-091C-D05CAAED2EDB}.Debug|Any CPU.Build.0 = Debug|Any CPU
		{ACDDCD18-005B-7808-091C-D05CAAED2EDB}.Release|Any CPU.ActiveCfg = Release|Any CPU
		{ACDDCD18-005B-7808-091C-D05CAAED2EDB}.Release|Any CPU.Build.0 = Release|Any CPU
	EndGlobalSection
	GlobalSection(SolutionProperties) = preSolution
		HideSolutionNode = FALSE
	EndGlobalSection
EndGlobal
